// !$*UTF8*$!
{
	archiveVersion = 1;
	classes = {
	};
	objectVersion = 46;
	objects = {

/* Begin PBXBuildFile section */
		DFE970F91CFB42CA00B8F474 /* AppDelegate.swift in Sources */ = {isa = PBXBuildFile; fileRef = DFE970F81CFB42CA00B8F474 /* AppDelegate.swift */; };
		DFE970FB1CFB42CA00B8F474 /* ViewController.swift in Sources */ = {isa = PBXBuildFile; fileRef = DFE970FA1CFB42CA00B8F474 /* ViewController.swift */; };
		DFE970FE1CFB42CA00B8F474 /* Main.storyboard in Resources */ = {isa = PBXBuildFile; fileRef = DFE970FC1CFB42CA00B8F474 /* Main.storyboard */; };
		DFE971011CFB42CA00B8F474 /* sBlue.xcdatamodeld in Sources */ = {isa = PBXBuildFile; fileRef = DFE970FF1CFB42CA00B8F474 /* sBlue.xcdatamodeld */; };
		DFE971031CFB42CA00B8F474 /* Assets.xcassets in Resources */ = {isa = PBXBuildFile; fileRef = DFE971021CFB42CA00B8F474 /* Assets.xcassets */; };
		DFE971061CFB42CA00B8F474 /* LaunchScreen.storyboard in Resources */ = {isa = PBXBuildFile; fileRef = DFE971041CFB42CA00B8F474 /* LaunchScreen.storyboard */; };
		DFE971111CFB42CA00B8F474 /* sBlueTests.swift in Sources */ = {isa = PBXBuildFile; fileRef = DFE971101CFB42CA00B8F474 /* sBlueTests.swift */; };
		DFE9711C1CFB42CA00B8F474 /* sBlueUITests.swift in Sources */ = {isa = PBXBuildFile; fileRef = DFE9711B1CFB42CA00B8F474 /* sBlueUITests.swift */; };
/* End PBXBuildFile section */

/* Begin PBXContainerItemProxy section */
		DFE9710D1CFB42CA00B8F474 /* PBXContainerItemProxy */ = {
			isa = PBXContainerItemProxy;
			containerPortal = DFE970ED1CFB42CA00B8F474 /* Project object */;
			proxyType = 1;
			remoteGlobalIDString = DFE970F41CFB42CA00B8F474;
			remoteInfo = sBlue;
		};
		DFE971181CFB42CA00B8F474 /* PBXContainerItemProxy */ = {
			isa = PBXContainerItemProxy;
			containerPortal = DFE970ED1CFB42CA00B8F474 /* Project object */;
			proxyType = 1;
			remoteGlobalIDString = DFE970F41CFB42CA00B8F474;
			remoteInfo = sBlue;
		};
/* End PBXContainerItemProxy section */

/* Begin PBXFileReference section */
		DFE970F51CFB42CA00B8F474 /* sBlue.app */ = {isa = PBXFileReference; explicitFileType = wrapper.application; includeInIndex = 0; path = sBlue.app; sourceTree = BUILT_PRODUCTS_DIR; };
		DFE970F81CFB42CA00B8F474 /* AppDelegate.swift */ = {isa = PBXFileReference; lastKnownFileType = sourcecode.swift; path = AppDelegate.swift; sourceTree = "<group>"; };
		DFE970FA1CFB42CA00B8F474 /* ViewController.swift */ = {isa = PBXFileReference; lastKnownFileType = sourcecode.swift; path = ViewController.swift; sourceTree = "<group>"; };
		DFE970FD1CFB42CA00B8F474 /* Base */ = {isa = PBXFileReference; lastKnownFileType = file.storyboard; name = Base; path = Base.lproj/Main.storyboard; sourceTree = "<group>"; };
		DFE971001CFB42CA00B8F474 /* sBlue.xcdatamodel */ = {isa = PBXFileReference; lastKnownFileType = wrapper.xcdatamodel; path = sBlue.xcdatamodel; sourceTree = "<group>"; };
		DFE971021CFB42CA00B8F474 /* Assets.xcassets */ = {isa = PBXFileReference; lastKnownFileType = folder.assetcatalog; path = Assets.xcassets; sourceTree = "<group>"; };
		DFE971051CFB42CA00B8F474 /* Base */ = {isa = PBXFileReference; lastKnownFileType = file.storyboard; name = Base; path = Base.lproj/LaunchScreen.storyboard; sourceTree = "<group>"; };
		DFE971071CFB42CA00B8F474 /* Info.plist */ = {isa = PBXFileReference; lastKnownFileType = text.plist.xml; path = Info.plist; sourceTree = "<group>"; };
		DFE9710C1CFB42CA00B8F474 /* sBlueTests.xctest */ = {isa = PBXFileReference; explicitFileType = wrapper.cfbundle; includeInIndex = 0; path = sBlueTests.xctest; sourceTree = BUILT_PRODUCTS_DIR; };
		DFE971101CFB42CA00B8F474 /* sBlueTests.swift */ = {isa = PBXFileReference; lastKnownFileType = sourcecode.swift; path = sBlueTests.swift; sourceTree = "<group>"; };
		DFE971121CFB42CA00B8F474 /* Info.plist */ = {isa = PBXFileReference; lastKnownFileType = text.plist.xml; path = Info.plist; sourceTree = "<group>"; };
		DFE971171CFB42CA00B8F474 /* sBlueUITests.xctest */ = {isa = PBXFileReference; explicitFileType = wrapper.cfbundle; includeInIndex = 0; path = sBlueUITests.xctest; sourceTree = BUILT_PRODUCTS_DIR; };
		DFE9711B1CFB42CA00B8F474 /* sBlueUITests.swift */ = {isa = PBXFileReference; lastKnownFileType = sourcecode.swift; path = sBlueUITests.swift; sourceTree = "<group>"; };
		DFE9711D1CFB42CA00B8F474 /* Info.plist */ = {isa = PBXFileReference; lastKnownFileType = text.plist.xml; path = Info.plist; sourceTree = "<group>"; };
/* End PBXFileReference section */

/* Begin PBXFrameworksBuildPhase section */
		DFE970F21CFB42CA00B8F474 /* Frameworks */ = {
			isa = PBXFrameworksBuildPhase;
			buildActionMask = 2147483647;
			files = (
			);
			runOnlyForDeploymentPostprocessing = 0;
		};
		DFE971091CFB42CA00B8F474 /* Frameworks */ = {
			isa = PBXFrameworksBuildPhase;
			buildActionMask = 2147483647;
			files = (
			);
			runOnlyForDeploymentPostprocessing = 0;
		};
		DFE971141CFB42CA00B8F474 /* Frameworks */ = {
			isa = PBXFrameworksBuildPhase;
			buildActionMask = 2147483647;
			files = (
			);
			runOnlyForDeploymentPostprocessing = 0;
		};
/* End PBXFrameworksBuildPhase section */

/* Begin PBXGroup section */
		DFE970EC1CFB42CA00B8F474 = {
			isa = PBXGroup;
			children = (
				DFE970F71CFB42CA00B8F474 /* sBlue */,
				DFE9710F1CFB42CA00B8F474 /* sBlueTests */,
				DFE9711A1CFB42CA00B8F474 /* sBlueUITests */,
				DFE970F61CFB42CA00B8F474 /* Products */,
			);
			sourceTree = "<group>";
		};
		DFE970F61CFB42CA00B8F474 /* Products */ = {
			isa = PBXGroup;
			children = (
				DFE970F51CFB42CA00B8F474 /* sBlue.app */,
				DFE9710C1CFB42CA00B8F474 /* sBlueTests.xctest */,
				DFE971171CFB42CA00B8F474 /* sBlueUITests.xctest */,
			);
			name = Products;
			sourceTree = "<group>";
		};
		DFE970F71CFB42CA00B8F474 /* sBlue */ = {
			isa = PBXGroup;
			children = (
				DFE970F81CFB42CA00B8F474 /* AppDelegate.swift */,
				DFE970FA1CFB42CA00B8F474 /* ViewController.swift */,
				DFE970FC1CFB42CA00B8F474 /* Main.storyboard */,
				DFE971021CFB42CA00B8F474 /* Assets.xcassets */,
				DFE971041CFB42CA00B8F474 /* LaunchScreen.storyboard */,
				DFE971071CFB42CA00B8F474 /* Info.plist */,
				DFE970FF1CFB42CA00B8F474 /* sBlue.xcdatamodeld */,
			);
			path = sBlue;
			sourceTree = "<group>";
		};
		DFE9710F1CFB42CA00B8F474 /* sBlueTests */ = {
			isa = PBXGroup;
			children = (
				DFE971101CFB42CA00B8F474 /* sBlueTests.swift */,
				DFE971121CFB42CA00B8F474 /* Info.plist */,
			);
			path = sBlueTests;
			sourceTree = "<group>";
		};
		DFE9711A1CFB42CA00B8F474 /* sBlueUITests */ = {
			isa = PBXGroup;
			children = (
				DFE9711B1CFB42CA00B8F474 /* sBlueUITests.swift */,
				DFE9711D1CFB42CA00B8F474 /* Info.plist */,
			);
			path = sBlueUITests;
			sourceTree = "<group>";
		};
/* End PBXGroup section */

/* Begin PBXNativeTarget section */
		DFE970F41CFB42CA00B8F474 /* sBlue */ = {
			isa = PBXNativeTarget;
			buildConfigurationList = DFE971201CFB42CA00B8F474 /* Build configuration list for PBXNativeTarget "sBlue" */;
			buildPhases = (
				DFE970F11CFB42CA00B8F474 /* Sources */,
				DFE970F21CFB42CA00B8F474 /* Frameworks */,
				DFE970F31CFB42CA00B8F474 /* Resources */,
			);
			buildRules = (
			);
			dependencies = (
			);
			name = sBlue;
			productName = sBlue;
			productReference = DFE970F51CFB42CA00B8F474 /* sBlue.app */;
			productType = "com.apple.product-type.application";
		};
		DFE9710B1CFB42CA00B8F474 /* sBlueTests */ = {
			isa = PBXNativeTarget;
			buildConfigurationList = DFE971231CFB42CA00B8F474 /* Build configuration list for PBXNativeTarget "sBlueTests" */;
			buildPhases = (
				DFE971081CFB42CA00B8F474 /* Sources */,
				DFE971091CFB42CA00B8F474 /* Frameworks */,
				DFE9710A1CFB42CA00B8F474 /* Resources */,
			);
			buildRules = (
			);
			dependencies = (
				DFE9710E1CFB42CA00B8F474 /* PBXTargetDependency */,
			);
			name = sBlueTests;
			productName = sBlueTests;
			productReference = DFE9710C1CFB42CA00B8F474 /* sBlueTests.xctest */;
			productType = "com.apple.product-type.bundle.unit-test";
		};
		DFE971161CFB42CA00B8F474 /* sBlueUITests */ = {
			isa = PBXNativeTarget;
			buildConfigurationList = DFE971261CFB42CA00B8F474 /* Build configuration list for PBXNativeTarget "sBlueUITests" */;
			buildPhases = (
				DFE971131CFB42CA00B8F474 /* Sources */,
				DFE971141CFB42CA00B8F474 /* Frameworks */,
				DFE971151CFB42CA00B8F474 /* Resources */,
			);
			buildRules = (
			);
			dependencies = (
				DFE971191CFB42CA00B8F474 /* PBXTargetDependency */,
			);
			name = sBlueUITests;
			productName = sBlueUITests;
			productReference = DFE971171CFB42CA00B8F474 /* sBlueUITests.xctest */;
			productType = "com.apple.product-type.bundle.ui-testing";
		};
/* End PBXNativeTarget section */

/* Begin PBXProject section */
		DFE970ED1CFB42CA00B8F474 /* Project object */ = {
			isa = PBXProject;
			attributes = {
				LastSwiftUpdateCheck = 0730;
				LastUpgradeCheck = 0730;
				ORGANIZATIONNAME = "Sinnply Blue";
				TargetAttributes = {
					DFE970F41CFB42CA00B8F474 = {
						CreatedOnToolsVersion = 7.3.1;
						DevelopmentTeam = N4H238ZMS2;
					};
					DFE9710B1CFB42CA00B8F474 = {
						CreatedOnToolsVersion = 7.3.1;
						DevelopmentTeam = N4H238ZMS2;
						TestTargetID = DFE970F41CFB42CA00B8F474;
					};
					DFE971161CFB42CA00B8F474 = {
						CreatedOnToolsVersion = 7.3.1;
						DevelopmentTeam = N4H238ZMS2;
						TestTargetID = DFE970F41CFB42CA00B8F474;
					};
				};
			};
			buildConfigurationList = DFE970F01CFB42CA00B8F474 /* Build configuration list for PBXProject "sBlue" */;
			compatibilityVersion = "Xcode 3.2";
			developmentRegion = English;
			hasScannedForEncodings = 0;
			knownRegions = (
				en,
				Base,
			);
			mainGroup = DFE970EC1CFB42CA00B8F474;
			productRefGroup = DFE970F61CFB42CA00B8F474 /* Products */;
			projectDirPath = "";
			projectRoot = "";
			targets = (
				DFE970F41CFB42CA00B8F474 /* sBlue */,
				DFE9710B1CFB42CA00B8F474 /* sBlueTests */,
				DFE971161CFB42CA00B8F474 /* sBlueUITests */,
			);
		};
/* End PBXProject section */

/* Begin PBXResourcesBuildPhase section */
		DFE970F31CFB42CA00B8F474 /* Resources */ = {
			isa = PBXResourcesBuildPhase;
			buildActionMask = 2147483647;
			files = (
				DFE971061CFB42CA00B8F474 /* LaunchScreen.storyboard in Resources */,
				DFE971031CFB42CA00B8F474 /* Assets.xcassets in Resources */,
				DFE970FE1CFB42CA00B8F474 /* Main.storyboard in Resources */,
			);
			runOnlyForDeploymentPostprocessing = 0;
		};
		DFE9710A1CFB42CA00B8F474 /* Resources */ = {
			isa = PBXResourcesBuildPhase;
			buildActionMask = 2147483647;
			files = (
			);
			runOnlyForDeploymentPostprocessing = 0;
		};
		DFE971151CFB42CA00B8F474 /* Resources */ = {
			isa = PBXResourcesBuildPhase;
			buildActionMask = 2147483647;
			files = (
			);
			runOnlyForDeploymentPostprocessing = 0;
		};
/* End PBXResourcesBuildPhase section */

/* Begin PBXSourcesBuildPhase section */
		DFE970F11CFB42CA00B8F474 /* Sources */ = {
			isa = PBXSourcesBuildPhase;
			buildActionMask = 2147483647;
			files = (
				DFE970FB1CFB42CA00B8F474 /* ViewController.swift in Sources */,
				DFE971011CFB42CA00B8F474 /* sBlue.xcdatamodeld in Sources */,
				DFE970F91CFB42CA00B8F474 /* AppDelegate.swift in Sources */,
			);
			runOnlyForDeploymentPostprocessing = 0;
		};
		DFE971081CFB42CA00B8F474 /* Sources */ = {
			isa = PBXSourcesBuildPhase;
			buildActionMask = 2147483647;
			files = (
				DFE971111CFB42CA00B8F474 /* sBlueTests.swift in Sources */,
			);
			runOnlyForDeploymentPostprocessing = 0;
		};
		DFE971131CFB42CA00B8F474 /* Sources */ = {
			isa = PBXSourcesBuildPhase;
			buildActionMask = 2147483647;
			files = (
				DFE9711C1CFB42CA00B8F474 /* sBlueUITests.swift in Sources */,
			);
			runOnlyForDeploymentPostprocessing = 0;
		};
/* End PBXSourcesBuildPhase section */

/* Begin PBXTargetDependency section */
		DFE9710E1CFB42CA00B8F474 /* PBXTargetDependency */ = {
			isa = PBXTargetDependency;
			target = DFE970F41CFB42CA00B8F474 /* sBlue */;
			targetProxy = DFE9710D1CFB42CA00B8F474 /* PBXContainerItemProxy */;
		};
		DFE971191CFB42CA00B8F474 /* PBXTargetDependency */ = {
			isa = PBXTargetDependency;
			target = DFE970F41CFB42CA00B8F474 /* sBlue */;
			targetProxy = DFE971181CFB42CA00B8F474 /* PBXContainerItemProxy */;
		};
/* End PBXTargetDependency section */

/* Begin PBXVariantGroup section */
		DFE970FC1CFB42CA00B8F474 /* Main.storyboard */ = {
			isa = PBXVariantGroup;
			children = (
				DFE970FD1CFB42CA00B8F474 /* Base */,
			);
			name = Main.storyboard;
			sourceTree = "<group>";
		};
		DFE971041CFB42CA00B8F474 /* LaunchScreen.storyboard */ = {
			isa = PBXVariantGroup;
			children = (
				DFE971051CFB42CA00B8F474 /* Base */,
			);
			name = LaunchScreen.storyboard;
			sourceTree = "<group>";
		};
/* End PBXVariantGroup section */

/* Begin XCBuildConfiguration section */
		DFE9711E1CFB42CA00B8F474 /* Debug */ = {
			isa = XCBuildConfiguration;
			buildSettings = {
				ALWAYS_SEARCH_USER_PATHS = NO;
				CLANG_ANALYZER_NONNULL = YES;
				CLANG_CXX_LANGUAGE_STANDARD = "gnu++0x";
				CLANG_CXX_LIBRARY = "libc++";
				CLANG_ENABLE_MODULES = YES;
				CLANG_ENABLE_OBJC_ARC = YES;
				CLANG_WARN_BOOL_CONVERSION = YES;
				CLANG_WARN_CONSTANT_CONVERSION = YES;
				CLANG_WARN_DIRECT_OBJC_ISA_USAGE = YES_ERROR;
				CLANG_WARN_EMPTY_BODY = YES;
				CLANG_WARN_ENUM_CONVERSION = YES;
				CLANG_WARN_INT_CONVERSION = YES;
				CLANG_WARN_OBJC_ROOT_CLASS = YES_ERROR;
				CLANG_WARN_UNREACHABLE_CODE = YES;
				CLANG_WARN__DUPLICATE_METHOD_MATCH = YES;
				"CODE_SIGN_IDENTITY[sdk=iphoneos*]" = "iPhone Developer";
				COPY_PHASE_STRIP = NO;
				DEBUG_INFORMATION_FORMAT = dwarf;
				ENABLE_STRICT_OBJC_MSGSEND = YES;
				ENABLE_TESTABILITY = YES;
				GCC_C_LANGUAGE_STANDARD = gnu99;
				GCC_DYNAMIC_NO_PIC = NO;
				GCC_NO_COMMON_BLOCKS = YES;
				GCC_OPTIMIZATION_LEVEL = 0;
				GCC_PREPROCESSOR_DEFINITIONS = (
					"DEBUG=1",
					"$(inherited)",
				);
				GCC_WARN_64_TO_32_BIT_CONVERSION = YES;
				GCC_WARN_ABOUT_RETURN_TYPE = YES_ERROR;
				GCC_WARN_UNDECLARED_SELECTOR = YES;
				GCC_WARN_UNINITIALIZED_AUTOS = YES_AGGRESSIVE;
				GCC_WARN_UNUSED_FUNCTION = YES;
				GCC_WARN_UNUSED_VARIABLE = YES;
				IPHONEOS_DEPLOYMENT_TARGET = 9.3;
				MTL_ENABLE_DEBUG_INFO = YES;
				ONLY_ACTIVE_ARCH = YES;
				SDKROOT = iphoneos;
				SWIFT_OPTIMIZATION_LEVEL = "-Onone";
				TARGETED_DEVICE_FAMILY = "1,2";
			};
			name = Debug;
		};
		DFE9711F1CFB42CA00B8F474 /* Release */ = {
			isa = XCBuildConfiguration;
			buildSettings = {
				ALWAYS_SEARCH_USER_PATHS = NO;
				CLANG_ANALYZER_NONNULL = YES;
				CLANG_CXX_LANGUAGE_STANDARD = "gnu++0x";
				CLANG_CXX_LIBRARY = "libc++";
				CLANG_ENABLE_MODULES = YES;
				CLANG_ENABLE_OBJC_ARC = YES;
				CLANG_WARN_BOOL_CONVERSION = YES;
				CLANG_WARN_CONSTANT_CONVERSION = YES;
				CLANG_WARN_DIRECT_OBJC_ISA_USAGE = YES_ERROR;
				CLANG_WARN_EMPTY_BODY = YES;
				CLANG_WARN_ENUM_CONVERSION = YES;
				CLANG_WARN_INT_CONVERSION = YES;
				CLANG_WARN_OBJC_ROOT_CLASS = YES_ERROR;
				CLANG_WARN_UNREACHABLE_CODE = YES;
				CLANG_WARN__DUPLICATE_METHOD_MATCH = YES;
				"CODE_SIGN_IDENTITY[sdk=iphoneos*]" = "iPhone Developer";
				COPY_PHASE_STRIP = NO;
				DEBUG_INFORMATION_FORMAT = "dwarf-with-dsym";
				ENABLE_NS_ASSERTIONS = NO;
				ENABLE_STRICT_OBJC_MSGSEND = YES;
				GCC_C_LANGUAGE_STANDARD = gnu99;
				GCC_NO_COMMON_BLOCKS = YES;
				GCC_WARN_64_TO_32_BIT_CONVERSION = YES;
				GCC_WARN_ABOUT_RETURN_TYPE = YES_ERROR;
				GCC_WARN_UNDECLARED_SELECTOR = YES;
				GCC_WARN_UNINITIALIZED_AUTOS = YES_AGGRESSIVE;
				GCC_WARN_UNUSED_FUNCTION = YES;
				GCC_WARN_UNUSED_VARIABLE = YES;
				IPHONEOS_DEPLOYMENT_TARGET = 9.3;
				MTL_ENABLE_DEBUG_INFO = NO;
				SDKROOT = iphoneos;
				TARGETED_DEVICE_FAMILY = "1,2";
				VALIDATE_PRODUCT = YES;
			};
			name = Release;
		};
		DFE971211CFB42CA00B8F474 /* Debug */ = {
			isa = XCBuildConfiguration;
			buildSettings = {
				ASSETCATALOG_COMPILER_APPICON_NAME = AppIcon;
				INFOPLIST_FILE = sBlue/Info.plist;
				LD_RUNPATH_SEARCH_PATHS = "$(inherited) @executable_path/Frameworks";
				PRODUCT_BUNDLE_IDENTIFIER = sinnplyBlue.sBlue;
				PRODUCT_NAME = "$(TARGET_NAME)";
			};
			name = Debug;
		};
		DFE971221CFB42CA00B8F474 /* Release */ = {
			isa = XCBuildConfiguration;
			buildSettings = {
				ASSETCATALOG_COMPILER_APPICON_NAME = AppIcon;
				INFOPLIST_FILE = sBlue/Info.plist;
				LD_RUNPATH_SEARCH_PATHS = "$(inherited) @executable_path/Frameworks";
				PRODUCT_BUNDLE_IDENTIFIER = sinnplyBlue.sBlue;
				PRODUCT_NAME = "$(TARGET_NAME)";
			};
			name = Release;
		};
		DFE971241CFB42CA00B8F474 /* Debug */ = {
			isa = XCBuildConfiguration;
			buildSettings = {
				BUNDLE_LOADER = "$(TEST_HOST)";
				INFOPLIST_FILE = sBlueTests/Info.plist;
				LD_RUNPATH_SEARCH_PATHS = "$(inherited) @executable_path/Frameworks @loader_path/Frameworks";
				PRODUCT_BUNDLE_IDENTIFIER = sinnplyBlue.sBlueTests;
				PRODUCT_NAME = "$(TARGET_NAME)";
				TEST_HOST = "$(BUILT_PRODUCTS_DIR)/sBlue.app/sBlue";
			};
			name = Debug;
		};
		DFE971251CFB42CA00B8F474 /* Release */ = {
			isa = XCBuildConfiguration;
			buildSettings = {
				BUNDLE_LOADER = "$(TEST_HOST)";
				INFOPLIST_FILE = sBlueTests/Info.plist;
				LD_RUNPATH_SEARCH_PATHS = "$(inherited) @executable_path/Frameworks @loader_path/Frameworks";
				PRODUCT_BUNDLE_IDENTIFIER = sinnplyBlue.sBlueTests;
				PRODUCT_NAME = "$(TARGET_NAME)";
				TEST_HOST = "$(BUILT_PRODUCTS_DIR)/sBlue.app/sBlue";
			};
			name = Release;
		};
		DFE971271CFB42CA00B8F474 /* Debug */ = {
			isa = XCBuildConfiguration;
			buildSettings = {
				INFOPLIST_FILE = sBlueUITests/Info.plist;
				LD_RUNPATH_SEARCH_PATHS = "$(inherited) @executable_path/Frameworks @loader_path/Frameworks";
				PRODUCT_BUNDLE_IDENTIFIER = sinnplyBlue.sBlueUITests;
				PRODUCT_NAME = "$(TARGET_NAME)";
				TEST_TARGET_NAME = sBlue;
			};
			name = Debug;
		};
		DFE971281CFB42CA00B8F474 /* Release */ = {
			isa = XCBuildConfiguration;
			buildSettings = {
				INFOPLIST_FILE = sBlueUITests/Info.plist;
				LD_RUNPATH_SEARCH_PATHS = "$(inherited) @executable_path/Frameworks @loader_path/Frameworks";
				PRODUCT_BUNDLE_IDENTIFIER = sinnplyBlue.sBlueUITests;
				PRODUCT_NAME = "$(TARGET_NAME)";
				TEST_TARGET_NAME = sBlue;
			};
			name = Release;
		};
/* End XCBuildConfiguration section */

/* Begin XCConfigurationList section */
		DFE970F01CFB42CA00B8F474 /* Build configuration list for PBXProject "sBlue" */ = {
			isa = XCConfigurationList;
			buildConfigurations = (
				DFE9711E1CFB42CA00B8F474 /* Debug */,
				DFE9711F1CFB42CA00B8F474 /* Release */,
			);
			defaultConfigurationIsVisible = 0;
			defaultConfigurationName = Release;
		};
		DFE971201CFB42CA00B8F474 /* Build configuration list for PBXNativeTarget "sBlue" */ = {
			isa = XCConfigurationList;
			buildConfigurations = (
				DFE971211CFB42CA00B8F474 /* Debug */,
				DFE971221CFB42CA00B8F474 /* Release */,
			);
			defaultConfigurationIsVisible = 0;
		};
		DFE971231CFB42CA00B8F474 /* Build configuration list for PBXNativeTarget "sBlueTests" */ = {
			isa = XCConfigurationList;
			buildConfigurations = (
				DFE971241CFB42CA00B8F474 /* Debug */,
				DFE971251CFB42CA00B8F474 /* Release */,
			);
			defaultConfigurationIsVisible = 0;
		};
		DFE971261CFB42CA00B8F474 /* Build configuration list for PBXNativeTarget "sBlueUITests" */ = {
			isa = XCConfigurationList;
			buildConfigurations = (
				DFE971271CFB42CA00B8F474 /* Debug */,
				DFE971281CFB42CA00B8F474 /* Release */,
			);
			defaultConfigurationIsVisible = 0;
		};
/* End XCConfigurationList section */

/* Begin XCVersionGroup section */
		DFE970FF1CFB42CA00B8F474 /* sBlue.xcdatamodeld */ = {
			isa = XCVersionGroup;
			children = (
				DFE971001CFB42CA00B8F474 /* sBlue.xcdatamodel */,
			);
			currentVersion = DFE971001CFB42CA00B8F474 /* sBlue.xcdatamodel */;
			path = sBlue.xcdatamodeld;
			sourceTree = "<group>";
			versionGroupType = wrapper.xcdatamodel;
		};
/* End XCVersionGroup section */
	};
	rootObject = DFE970ED1CFB42CA00B8F474 /* Project object */;
}
